// !$*UTF8*$!
{
	archiveVersion = 1;
	classes = {
	};
	objectVersion = 50;
	objects = {

/* Begin PBXBuildFile section */
		FE0633EF25D6EA7C005A5308 /* LandmarkRow.swift in Sources */ = {isa = PBXBuildFile; fileRef = FE0633EE25D6EA7C005A5308 /* LandmarkRow.swift */; };
		FE1E02062588EB7D00B88DBD /* SwiftuiTestApp.swift in Sources */ = {isa = PBXBuildFile; fileRef = FE1E02052588EB7D00B88DBD /* SwiftuiTestApp.swift */; };
		FE1E02082588EB7D00B88DBD /* ContentView.swift in Sources */ = {isa = PBXBuildFile; fileRef = FE1E02072588EB7D00B88DBD /* ContentView.swift */; };
		FE1E020A2588EB8000B88DBD /* Assets.xcassets in Resources */ = {isa = PBXBuildFile; fileRef = FE1E02092588EB8000B88DBD /* Assets.xcassets */; };
		FE1E020D2588EB8000B88DBD /* Preview Assets.xcassets in Resources */ = {isa = PBXBuildFile; fileRef = FE1E020C2588EB8000B88DBD /* Preview Assets.xcassets */; };
		FE1E02342588F01600B88DBD /* CircleImage.swift in Sources */ = {isa = PBXBuildFile; fileRef = FE1E02332588F01600B88DBD /* CircleImage.swift */; };
		FE553971258A4C6500E0A1B8 /* MapView.swift in Sources */ = {isa = PBXBuildFile; fileRef = FE553970258A4C6500E0A1B8 /* MapView.swift */; };
		FE67CD6F259CE006001F7AF8 /* landmarkData.json in Resources */ = {isa = PBXBuildFile; fileRef = FE67CD6E259CE006001F7AF8 /* landmarkData.json */; };
		FE67CD74259CE0E7001F7AF8 /* Landmark.swift in Sources */ = {isa = PBXBuildFile; fileRef = FE67CD73259CE0E7001F7AF8 /* Landmark.swift */; };
		FE67CD7A259CE3B5001F7AF8 /* ModelData.swift in Sources */ = {isa = PBXBuildFile; fileRef = FE67CD79259CE3B5001F7AF8 /* ModelData.swift */; };
		FE6A897725D97E0400845CC4 /* LandmarkList.swift in Sources */ = {isa = PBXBuildFile; fileRef = FE6A897625D97E0400845CC4 /* LandmarkList.swift */; };
		FE6A897C25D9895C00845CC4 /* LandmarkDetail.swift in Sources */ = {isa = PBXBuildFile; fileRef = FE6A897B25D9895C00845CC4 /* LandmarkDetail.swift */; };
		FE7E656525DAC73B0009FF95 /* FavoriteButton.swift in Sources */ = {isa = PBXBuildFile; fileRef = FE7E656425DAC73B0009FF95 /* FavoriteButton.swift */; };
		FED7B2CA25DBA56200B451B5 /* HexagonParameters.swift in Sources */ = {isa = PBXBuildFile; fileRef = FED7B2C925DBA56200B451B5 /* HexagonParameters.swift */; };
		FED7B2CD25DBABEB00B451B5 /* BadgeBackground.swift in Sources */ = {isa = PBXBuildFile; fileRef = FED7B2CC25DBABEB00B451B5 /* BadgeBackground.swift */; };
		FED7B2D125DBBC4200B451B5 /* BadgeSymbol.swift in Sources */ = {isa = PBXBuildFile; fileRef = FED7B2D025DBBC4200B451B5 /* BadgeSymbol.swift */; };
		FED7B2D425DBBE5500B451B5 /* RotatedBadgeSymbol.swift in Sources */ = {isa = PBXBuildFile; fileRef = FED7B2D325DBBE5500B451B5 /* RotatedBadgeSymbol.swift */; };
		FED7B2D725DBBF4D00B451B5 /* Badge.swift in Sources */ = {isa = PBXBuildFile; fileRef = FED7B2D625DBBF4D00B451B5 /* Badge.swift */; };
		FED7B2DC25DBCC9500B451B5 /* hikeData.json in Resources */ = {isa = PBXBuildFile; fileRef = FED7B2DB25DBCC9500B451B5 /* hikeData.json */; };
		FED7B2DF25DBCCCA00B451B5 /* Hike.swift in Sources */ = {isa = PBXBuildFile; fileRef = FED7B2DE25DBCCCA00B451B5 /* Hike.swift */; };
		FED7B2E625DBCDAA00B451B5 /* GraphCapsule.swift in Sources */ = {isa = PBXBuildFile; fileRef = FED7B2E225DBCDAA00B451B5 /* GraphCapsule.swift */; };
		FED7B2E725DBCDAA00B451B5 /* HikeGraph.swift in Sources */ = {isa = PBXBuildFile; fileRef = FED7B2E325DBCDAA00B451B5 /* HikeGraph.swift */; };
		FED7B2E825DBCDAA00B451B5 /* HikeDetail.swift in Sources */ = {isa = PBXBuildFile; fileRef = FED7B2E425DBCDAA00B451B5 /* HikeDetail.swift */; };
		FED7B2E925DBCDAA00B451B5 /* HikeView.swift in Sources */ = {isa = PBXBuildFile; fileRef = FED7B2E525DBCDAA00B451B5 /* HikeView.swift */; };
/* End PBXBuildFile section */

/* Begin PBXFileReference section */
		FE0633EE25D6EA7C005A5308 /* LandmarkRow.swift */ = {isa = PBXFileReference; lastKnownFileType = sourcecode.swift; path = LandmarkRow.swift; sourceTree = "<group>"; };
		FE1E02022588EB7D00B88DBD /* SwiftuiTest.app */ = {isa = PBXFileReference; explicitFileType = wrapper.application; includeInIndex = 0; path = SwiftuiTest.app; sourceTree = BUILT_PRODUCTS_DIR; };
		FE1E02052588EB7D00B88DBD /* SwiftuiTestApp.swift */ = {isa = PBXFileReference; lastKnownFileType = sourcecode.swift; path = SwiftuiTestApp.swift; sourceTree = "<group>"; };
		FE1E02072588EB7D00B88DBD /* ContentView.swift */ = {isa = PBXFileReference; lastKnownFileType = sourcecode.swift; path = ContentView.swift; sourceTree = "<group>"; };
		FE1E02092588EB8000B88DBD /* Assets.xcassets */ = {isa = PBXFileReference; lastKnownFileType = folder.assetcatalog; path = Assets.xcassets; sourceTree = "<group>"; };
		FE1E020C2588EB8000B88DBD /* Preview Assets.xcassets */ = {isa = PBXFileReference; lastKnownFileType = folder.assetcatalog; path = "Preview Assets.xcassets"; sourceTree = "<group>"; };
		FE1E020E2588EB8000B88DBD /* Info.plist */ = {isa = PBXFileReference; lastKnownFileType = text.plist.xml; path = Info.plist; sourceTree = "<group>"; };
		FE1E02332588F01600B88DBD /* CircleImage.swift */ = {isa = PBXFileReference; lastKnownFileType = sourcecode.swift; path = CircleImage.swift; sourceTree = "<group>"; };
		FE553970258A4C6500E0A1B8 /* MapView.swift */ = {isa = PBXFileReference; lastKnownFileType = sourcecode.swift; path = MapView.swift; sourceTree = "<group>"; };
		FE67CD6E259CE006001F7AF8 /* landmarkData.json */ = {isa = PBXFileReference; fileEncoding = 4; lastKnownFileType = text.json; path = landmarkData.json; sourceTree = "<group>"; };
		FE67CD73259CE0E7001F7AF8 /* Landmark.swift */ = {isa = PBXFileReference; lastKnownFileType = sourcecode.swift; path = Landmark.swift; sourceTree = "<group>"; };
		FE67CD79259CE3B5001F7AF8 /* ModelData.swift */ = {isa = PBXFileReference; lastKnownFileType = sourcecode.swift; path = ModelData.swift; sourceTree = "<group>"; };
		FE6A897625D97E0400845CC4 /* LandmarkList.swift */ = {isa = PBXFileReference; lastKnownFileType = sourcecode.swift; path = LandmarkList.swift; sourceTree = "<group>"; };
		FE6A897B25D9895C00845CC4 /* LandmarkDetail.swift */ = {isa = PBXFileReference; lastKnownFileType = sourcecode.swift; path = LandmarkDetail.swift; sourceTree = "<group>"; };
		FE7E656425DAC73B0009FF95 /* FavoriteButton.swift */ = {isa = PBXFileReference; lastKnownFileType = sourcecode.swift; path = FavoriteButton.swift; sourceTree = "<group>"; };
		FED7B2C925DBA56200B451B5 /* HexagonParameters.swift */ = {isa = PBXFileReference; lastKnownFileType = sourcecode.swift; name = HexagonParameters.swift; path = SwiftuiTest/Views/HexagonParameters.swift; sourceTree = SOURCE_ROOT; };
		FED7B2CC25DBABEB00B451B5 /* BadgeBackground.swift */ = {isa = PBXFileReference; lastKnownFileType = sourcecode.swift; path = BadgeBackground.swift; sourceTree = "<group>"; };
		FED7B2D025DBBC4200B451B5 /* BadgeSymbol.swift */ = {isa = PBXFileReference; lastKnownFileType = sourcecode.swift; path = BadgeSymbol.swift; sourceTree = "<group>"; };
		FED7B2D325DBBE5500B451B5 /* RotatedBadgeSymbol.swift */ = {isa = PBXFileReference; lastKnownFileType = sourcecode.swift; path = RotatedBadgeSymbol.swift; sourceTree = "<group>"; };
		FED7B2D625DBBF4D00B451B5 /* Badge.swift */ = {isa = PBXFileReference; lastKnownFileType = sourcecode.swift; path = Badge.swift; sourceTree = "<group>"; };
		FED7B2DB25DBCC9500B451B5 /* hikeData.json */ = {isa = PBXFileReference; fileEncoding = 4; lastKnownFileType = text.json; path = hikeData.json; sourceTree = "<group>"; };
		FED7B2DE25DBCCCA00B451B5 /* Hike.swift */ = {isa = PBXFileReference; lastKnownFileType = sourcecode.swift; path = Hike.swift; sourceTree = "<group>"; };
		FED7B2E225DBCDAA00B451B5 /* GraphCapsule.swift */ = {isa = PBXFileReference; fileEncoding = 4; lastKnownFileType = sourcecode.swift; path = GraphCapsule.swift; sourceTree = "<group>"; };
		FED7B2E325DBCDAA00B451B5 /* HikeGraph.swift */ = {isa = PBXFileReference; fileEncoding = 4; lastKnownFileType = sourcecode.swift; path = HikeGraph.swift; sourceTree = "<group>"; };
		FED7B2E425DBCDAA00B451B5 /* HikeDetail.swift */ = {isa = PBXFileReference; fileEncoding = 4; lastKnownFileType = sourcecode.swift; path = HikeDetail.swift; sourceTree = "<group>"; };
		FED7B2E525DBCDAA00B451B5 /* HikeView.swift */ = {isa = PBXFileReference; fileEncoding = 4; lastKnownFileType = sourcecode.swift; path = HikeView.swift; sourceTree = "<group>"; };
/* End PBXFileReference section */

/* Begin PBXFrameworksBuildPhase section */
		FE1E01FF2588EB7D00B88DBD /* Frameworks */ = {
			isa = PBXFrameworksBuildPhase;
			buildActionMask = 2147483647;
			files = (
			);
			runOnlyForDeploymentPostprocessing = 0;
		};
/* End PBXFrameworksBuildPhase section */

/* Begin PBXGroup section */
		FE0633D525D6E874005A5308 /* Views */ = {
			isa = PBXGroup;
			children = (
				FED7B2E125DBCDAA00B451B5 /* Hikes */,
				FE1E02072588EB7D00B88DBD /* ContentView.swift */,
			);
			path = Views;
			sourceTree = "<group>";
		};
		FE0633D625D6E890005A5308 /* Model */ = {
			isa = PBXGroup;
			children = (
				FE67CD73259CE0E7001F7AF8 /* Landmark.swift */,
				FE67CD79259CE3B5001F7AF8 /* ModelData.swift */,
				FED7B2DE25DBCCCA00B451B5 /* Hike.swift */,
			);
			path = Model;
			sourceTree = "<group>";
		};
		FE1E01F92588EB7D00B88DBD = {
			isa = PBXGroup;
			children = (
				FE1E02042588EB7D00B88DBD /* SwiftuiTest */,
				FE1E02032588EB7D00B88DBD /* Products */,
			);
			sourceTree = "<group>";
		};
		FE1E02032588EB7D00B88DBD /* Products */ = {
			isa = PBXGroup;
			children = (
				FE1E02022588EB7D00B88DBD /* SwiftuiTest.app */,
			);
			name = Products;
			sourceTree = "<group>";
		};
		FE1E02042588EB7D00B88DBD /* SwiftuiTest */ = {
			isa = PBXGroup;
			children = (
				FED7B2D925DBC54C00B451B5 /* Badges */,
				FE7E656825DACED60009FF95 /* Helpers */,
				FE7E656725DACECF0009FF95 /* Landmarks */,
				FE0633D625D6E890005A5308 /* Model */,
				FE0633D525D6E874005A5308 /* Views */,
				FE67CD6E259CE006001F7AF8 /* landmarkData.json */,
				FED7B2DB25DBCC9500B451B5 /* hikeData.json */,
				FE1E02052588EB7D00B88DBD /* SwiftuiTestApp.swift */,
				FE1E02092588EB8000B88DBD /* Assets.xcassets */,
				FE1E020E2588EB8000B88DBD /* Info.plist */,
				FE1E020B2588EB8000B88DBD /* Preview Content */,
			);
			path = SwiftuiTest;
			sourceTree = "<group>";
		};
		FE1E020B2588EB8000B88DBD /* Preview Content */ = {
			isa = PBXGroup;
			children = (
				FE1E020C2588EB8000B88DBD /* Preview Assets.xcassets */,
			);
			path = "Preview Content";
			sourceTree = "<group>";
		};
		FE7E656725DACECF0009FF95 /* Landmarks */ = {
			isa = PBXGroup;
			children = (
				FED7B2C925DBA56200B451B5 /* HexagonParameters.swift */,
				FE0633EE25D6EA7C005A5308 /* LandmarkRow.swift */,
				FE6A897625D97E0400845CC4 /* LandmarkList.swift */,
				FE6A897B25D9895C00845CC4 /* LandmarkDetail.swift */,
			);
			path = Landmarks;
			sourceTree = "<group>";
		};
		FE7E656825DACED60009FF95 /* Helpers */ = {
			isa = PBXGroup;
			children = (
				FE1E02332588F01600B88DBD /* CircleImage.swift */,
				FE553970258A4C6500E0A1B8 /* MapView.swift */,
				FE7E656425DAC73B0009FF95 /* FavoriteButton.swift */,
			);
			path = Helpers;
			sourceTree = "<group>";
		};
		FED7B2D925DBC54C00B451B5 /* Badges */ = {
			isa = PBXGroup;
			children = (
				FED7B2CC25DBABEB00B451B5 /* BadgeBackground.swift */,
				FED7B2D025DBBC4200B451B5 /* BadgeSymbol.swift */,
				FED7B2D325DBBE5500B451B5 /* RotatedBadgeSymbol.swift */,
				FED7B2D625DBBF4D00B451B5 /* Badge.swift */,
			);
			path = Badges;
			sourceTree = "<group>";
		};
		FED7B2E125DBCDAA00B451B5 /* Hikes */ = {
			isa = PBXGroup;
			children = (
				FED7B2E225DBCDAA00B451B5 /* GraphCapsule.swift */,
				FED7B2E325DBCDAA00B451B5 /* HikeGraph.swift */,
				FED7B2E425DBCDAA00B451B5 /* HikeDetail.swift */,
				FED7B2E525DBCDAA00B451B5 /* HikeView.swift */,
			);
			path = Hikes;
			sourceTree = "<group>";
		};
/* End PBXGroup section */

/* Begin PBXNativeTarget section */
		FE1E02012588EB7D00B88DBD /* SwiftuiTest */ = {
			isa = PBXNativeTarget;
			buildConfigurationList = FE1E02272588EB8000B88DBD /* Build configuration list for PBXNativeTarget "SwiftuiTest" */;
			buildPhases = (
				FE1E01FE2588EB7D00B88DBD /* Sources */,
				FE1E01FF2588EB7D00B88DBD /* Frameworks */,
				FE1E02002588EB7D00B88DBD /* Resources */,
			);
			buildRules = (
			);
			dependencies = (
			);
			name = SwiftuiTest;
			productName = SwiftuiTest;
			productReference = FE1E02022588EB7D00B88DBD /* SwiftuiTest.app */;
			productType = "com.apple.product-type.application";
		};
/* End PBXNativeTarget section */

/* Begin PBXProject section */
		FE1E01FA2588EB7D00B88DBD /* Project object */ = {
			isa = PBXProject;
			attributes = {
				LastSwiftUpdateCheck = 1220;
				LastUpgradeCheck = 1220;
				TargetAttributes = {
					FE1E02012588EB7D00B88DBD = {
						CreatedOnToolsVersion = 12.2;
					};
				};
			};
			buildConfigurationList = FE1E01FD2588EB7D00B88DBD /* Build configuration list for PBXProject "SwiftuiTest" */;
			compatibilityVersion = "Xcode 9.3";
			developmentRegion = en;
			hasScannedForEncodings = 0;
			knownRegions = (
				en,
				Base,
			);
			mainGroup = FE1E01F92588EB7D00B88DBD;
			productRefGroup = FE1E02032588EB7D00B88DBD /* Products */;
			projectDirPath = "";
			projectRoot = "";
			targets = (
				FE1E02012588EB7D00B88DBD /* SwiftuiTest */,
			);
		};
/* End PBXProject section */

/* Begin PBXResourcesBuildPhase section */
		FE1E02002588EB7D00B88DBD /* Resources */ = {
			isa = PBXResourcesBuildPhase;
			buildActionMask = 2147483647;
			files = (
				FED7B2DC25DBCC9500B451B5 /* hikeData.json in Resources */,
				FE1E020D2588EB8000B88DBD /* Preview Assets.xcassets in Resources */,
				FE1E020A2588EB8000B88DBD /* Assets.xcassets in Resources */,
				FE67CD6F259CE006001F7AF8 /* landmarkData.json in Resources */,
			);
			runOnlyForDeploymentPostprocessing = 0;
		};
/* End PBXResourcesBuildPhase section */

/* Begin PBXSourcesBuildPhase section */
		FE1E01FE2588EB7D00B88DBD /* Sources */ = {
			isa = PBXSourcesBuildPhase;
			buildActionMask = 2147483647;
			files = (
				FE1E02082588EB7D00B88DBD /* ContentView.swift in Sources */,
				FED7B2E725DBCDAA00B451B5 /* HikeGraph.swift in Sources */,
				FED7B2D725DBBF4D00B451B5 /* Badge.swift in Sources */,
				FE553971258A4C6500E0A1B8 /* MapView.swift in Sources */,
				FED7B2E625DBCDAA00B451B5 /* GraphCapsule.swift in Sources */,
				FE1E02062588EB7D00B88DBD /* SwiftuiTestApp.swift in Sources */,
				FE7E656525DAC73B0009FF95 /* FavoriteButton.swift in Sources */,
				FED7B2E825DBCDAA00B451B5 /* HikeDetail.swift in Sources */,
				FED7B2CA25DBA56200B451B5 /* HexagonParameters.swift in Sources */,
				FED7B2DF25DBCCCA00B451B5 /* Hike.swift in Sources */,
				FED7B2D425DBBE5500B451B5 /* RotatedBadgeSymbol.swift in Sources */,
				FED7B2D125DBBC4200B451B5 /* BadgeSymbol.swift in Sources */,
				FE6A897725D97E0400845CC4 /* LandmarkList.swift in Sources */,
				FED7B2E925DBCDAA00B451B5 /* HikeView.swift in Sources */,
				FE6A897C25D9895C00845CC4 /* LandmarkDetail.swift in Sources */,
				FED7B2CD25DBABEB00B451B5 /* BadgeBackground.swift in Sources */,
				FE1E02342588F01600B88DBD /* CircleImage.swift in Sources */,
				FE67CD74259CE0E7001F7AF8 /* Landmark.swift in Sources */,
				FE0633EF25D6EA7C005A5308 /* LandmarkRow.swift in Sources */,
				FE67CD7A259CE3B5001F7AF8 /* ModelData.swift in Sources */,
			);
			runOnlyForDeploymentPostprocessing = 0;
		};
/* End PBXSourcesBuildPhase section */

/* Begin XCBuildConfiguration section */
		FE1E02252588EB8000B88DBD /* Debug */ = {
			isa = XCBuildConfiguration;
			buildSettings = {
				ALWAYS_SEARCH_USER_PATHS = NO;
				CLANG_ANALYZER_NONNULL = YES;
				CLANG_ANALYZER_NUMBER_OBJECT_CONVERSION = YES_AGGRESSIVE;
				CLANG_CXX_LANGUAGE_STANDARD = "gnu++14";
				CLANG_CXX_LIBRARY = "libc++";
				CLANG_ENABLE_MODULES = YES;
				CLANG_ENABLE_OBJC_ARC = YES;
				CLANG_ENABLE_OBJC_WEAK = YES;
				CLANG_WARN_BLOCK_CAPTURE_AUTORELEASING = YES;
				CLANG_WARN_BOOL_CONVERSION = YES;
				CLANG_WARN_COMMA = YES;
				CLANG_WARN_CONSTANT_CONVERSION = YES;
				CLANG_WARN_DEPRECATED_OBJC_IMPLEMENTATIONS = YES;
				CLANG_WARN_DIRECT_OBJC_ISA_USAGE = YES_ERROR;
				CLANG_WARN_DOCUMENTATION_COMMENTS = YES;
				CLANG_WARN_EMPTY_BODY = YES;
				CLANG_WARN_ENUM_CONVERSION = YES;
				CLANG_WARN_INFINITE_RECURSION = YES;
				CLANG_WARN_INT_CONVERSION = YES;
				CLANG_WARN_NON_LITERAL_NULL_CONVERSION = YES;
				CLANG_WARN_OBJC_IMPLICIT_RETAIN_SELF = YES;
				CLANG_WARN_OBJC_LITERAL_CONVERSION = YES;
				CLANG_WARN_OBJC_ROOT_CLASS = YES_ERROR;
				CLANG_WARN_QUOTED_INCLUDE_IN_FRAMEWORK_HEADER = YES;
				CLANG_WARN_RANGE_LOOP_ANALYSIS = YES;
				CLANG_WARN_STRICT_PROTOTYPES = YES;
				CLANG_WARN_SUSPICIOUS_MOVE = YES;
				CLANG_WARN_UNGUARDED_AVAILABILITY = YES_AGGRESSIVE;
				CLANG_WARN_UNREACHABLE_CODE = YES;
				CLANG_WARN__DUPLICATE_METHOD_MATCH = YES;
				COPY_PHASE_STRIP = NO;
				DEBUG_INFORMATION_FORMAT = dwarf;
				ENABLE_STRICT_OBJC_MSGSEND = YES;
				ENABLE_TESTABILITY = YES;
				GCC_C_LANGUAGE_STANDARD = gnu11;
				GCC_DYNAMIC_NO_PIC = NO;
				GCC_NO_COMMON_BLOCKS = YES;
				GCC_OPTIMIZATION_LEVEL = 0;
				GCC_PREPROCESSOR_DEFINITIONS = (
					"DEBUG=1",
					"$(inherited)",
				);
				GCC_WARN_64_TO_32_BIT_CONVERSION = YES;
				GCC_WARN_ABOUT_RETURN_TYPE = YES_ERROR;
				GCC_WARN_UNDECLARED_SELECTOR = YES;
				GCC_WARN_UNINITIALIZED_AUTOS = YES_AGGRESSIVE;
				GCC_WARN_UNUSED_FUNCTION = YES;
				GCC_WARN_UNUSED_VARIABLE = YES;
				IPHONEOS_DEPLOYMENT_TARGET = 13.0;
				MTL_ENABLE_DEBUG_INFO = INCLUDE_SOURCE;
				MTL_FAST_MATH = YES;
				ONLY_ACTIVE_ARCH = YES;
				SDKROOT = iphoneos;
				SWIFT_ACTIVE_COMPILATION_CONDITIONS = DEBUG;
				SWIFT_OPTIMIZATION_LEVEL = "-Onone";
			};
			name = Debug;
		};
		FE1E02262588EB8000B88DBD /* Release */ = {
			isa = XCBuildConfiguration;
			buildSettings = {
				ALWAYS_SEARCH_USER_PATHS = NO;
				CLANG_ANALYZER_NONNULL = YES;
				CLANG_ANALYZER_NUMBER_OBJECT_CONVERSION = YES_AGGRESSIVE;
				CLANG_CXX_LANGUAGE_STANDARD = "gnu++14";
				CLANG_CXX_LIBRARY = "libc++";
				CLANG_ENABLE_MODULES = YES;
				CLANG_ENABLE_OBJC_ARC = YES;
				CLANG_ENABLE_OBJC_WEAK = YES;
				CLANG_WARN_BLOCK_CAPTURE_AUTORELEASING = YES;
				CLANG_WARN_BOOL_CONVERSION = YES;
				CLANG_WARN_COMMA = YES;
				CLANG_WARN_CONSTANT_CONVERSION = YES;
				CLANG_WARN_DEPRECATED_OBJC_IMPLEMENTATIONS = YES;
				CLANG_WARN_DIRECT_OBJC_ISA_USAGE = YES_ERROR;
				CLANG_WARN_DOCUMENTATION_COMMENTS = YES;
				CLANG_WARN_EMPTY_BODY = YES;
				CLANG_WARN_ENUM_CONVERSION = YES;
				CLANG_WARN_INFINITE_RECURSION = YES;
				CLANG_WARN_INT_CONVERSION = YES;
				CLANG_WARN_NON_LITERAL_NULL_CONVERSION = YES;
				CLANG_WARN_OBJC_IMPLICIT_RETAIN_SELF = YES;
				CLANG_WARN_OBJC_LITERAL_CONVERSION = YES;
				CLANG_WARN_OBJC_ROOT_CLASS = YES_ERROR;
				CLANG_WARN_QUOTED_INCLUDE_IN_FRAMEWORK_HEADER = YES;
				CLANG_WARN_RANGE_LOOP_ANALYSIS = YES;
				CLANG_WARN_STRICT_PROTOTYPES = YES;
				CLANG_WARN_SUSPICIOUS_MOVE = YES;
				CLANG_WARN_UNGUARDED_AVAILABILITY = YES_AGGRESSIVE;
				CLANG_WARN_UNREACHABLE_CODE = YES;
				CLANG_WARN__DUPLICATE_METHOD_MATCH = YES;
				COPY_PHASE_STRIP = NO;
				DEBUG_INFORMATION_FORMAT = "dwarf-with-dsym";
				ENABLE_NS_ASSERTIONS = NO;
				ENABLE_STRICT_OBJC_MSGSEND = YES;
				GCC_C_LANGUAGE_STANDARD = gnu11;
				GCC_NO_COMMON_BLOCKS = YES;
				GCC_WARN_64_TO_32_BIT_CONVERSION = YES;
				GCC_WARN_ABOUT_RETURN_TYPE = YES_ERROR;
				GCC_WARN_UNDECLARED_SELECTOR = YES;
				GCC_WARN_UNINITIALIZED_AUTOS = YES_AGGRESSIVE;
				GCC_WARN_UNUSED_FUNCTION = YES;
				GCC_WARN_UNUSED_VARIABLE = YES;
				IPHONEOS_DEPLOYMENT_TARGET = 13.0;
				MTL_ENABLE_DEBUG_INFO = NO;
				MTL_FAST_MATH = YES;
				SDKROOT = iphoneos;
				SWIFT_COMPILATION_MODE = wholemodule;
				SWIFT_OPTIMIZATION_LEVEL = "-O";
				VALIDATE_PRODUCT = YES;
			};
			name = Release;
		};
		FE1E02282588EB8000B88DBD /* Debug */ = {
			isa = XCBuildConfiguration;
			buildSettings = {
				ASSETCATALOG_COMPILER_APPICON_NAME = AppIcon;
				ASSETCATALOG_COMPILER_GLOBAL_ACCENT_COLOR_NAME = AccentColor;
				CODE_SIGN_STYLE = Automatic;
				DEVELOPMENT_ASSET_PATHS = "\"SwiftuiTest/Preview Content\"";
				ENABLE_PREVIEWS = YES;
				INFOPLIST_FILE = SwiftuiTest/Info.plist;
				IPHONEOS_DEPLOYMENT_TARGET = 14.0;
				LD_RUNPATH_SEARCH_PATHS = (
					"$(inherited)",
					"@executable_path/Frameworks",
				);
				PRODUCT_BUNDLE_IDENTIFIER = SaitouAsukaHaOreNoYome.SwiftuiTest;
				PRODUCT_NAME = "$(TARGET_NAME)";
				SWIFT_VERSION = 5.0;
				TARGETED_DEVICE_FAMILY = "1,2";
			};
			name = Debug;
		};
		FE1E02292588EB8000B88DBD /* Release */ = {
			isa = XCBuildConfiguration;
			buildSettings = {
				ASSETCATALOG_COMPILER_APPICON_NAME = AppIcon;
				ASSETCATALOG_COMPILER_GLOBAL_ACCENT_COLOR_NAME = AccentColor;
				CODE_SIGN_STYLE = Automatic;
				DEVELOPMENT_ASSET_PATHS = "\"SwiftuiTest/Preview Content\"";
				ENABLE_PREVIEWS = YES;
				INFOPLIST_FILE = SwiftuiTest/Info.plist;
				IPHONEOS_DEPLOYMENT_TARGET = 14.0;
				LD_RUNPATH_SEARCH_PATHS = (
					"$(inherited)",
					"@executable_path/Frameworks",
				);
				PRODUCT_BUNDLE_IDENTIFIER = SaitouAsukaHaOreNoYome.SwiftuiTest;
				PRODUCT_NAME = "$(TARGET_NAME)";
				SWIFT_VERSION = 5.0;
				TARGETED_DEVICE_FAMILY = "1,2";
			};
			name = Release;
		};
/* End XCBuildConfiguration section */

/* Begin XCConfigurationList section */
		FE1E01FD2588EB7D00B88DBD /* Build configuration list for PBXProject "SwiftuiTest" */ = {
			isa = XCConfigurationList;
			buildConfigurations = (
				FE1E02252588EB8000B88DBD /* Debug */,
				FE1E02262588EB8000B88DBD /* Release */,
			);
			defaultConfigurationIsVisible = 0;
			defaultConfigurationName = Release;
		};
		FE1E02272588EB8000B88DBD /* Build configuration list for PBXNativeTarget "SwiftuiTest" */ = {
			isa = XCConfigurationList;
			buildConfigurations = (
				FE1E02282588EB8000B88DBD /* Debug */,
				FE1E02292588EB8000B88DBD /* Release */,
			);
			defaultConfigurationIsVisible = 0;
			defaultConfigurationName = Release;
		};
/* End XCConfigurationList section */
	};
	rootObject = FE1E01FA2588EB7D00B88DBD /* Project object */;
}
